
Microsoft Visual Studio Solution File, Format Version 12.00
# Visual Studio 15
VisualStudioVersion = 15.0.28307.421
MinimumVisualStudioVersion = 10.0.40219.1
Project("{FAE04EC0-301F-11D3-BF4B-00C04F79EFBC}") = "Plataforma.Console.Sftp", "Plataforma.Console.Sftp\Plataforma.Console.Sftp.csproj", "{734C78BB-47FE-429A-9B5B-0B0CB92C426A}"
EndProject
Project("{FAE04EC0-301F-11D3-BF4B-00C04F79EFBC}") = "ConsoleApp1", "ConsoleApp1\ConsoleApp1.csproj", "{6E17ADAF-02BB-4E56-A7B8-7DD2E4A20034}"
EndProject
Global
	GlobalSection(SolutionConfigurationPlatforms) = preSolution
		Debug|Any CPU = Debug|Any CPU
		Release|Any CPU = Release|Any CPU
	EndGlobalSection
	GlobalSection(ProjectConfigurationPlatforms) = postSolution
		{734C78BB-47FE-429A-9B5B-0B0CB92C426A}.Debug|Any CPU.ActiveCfg = Debug|Any CPU
		{734C78BB-47FE-429A-9B5B-0B0CB92C426A}.Debug|Any CPU.Build.0 = Debug|Any CPU
		{734C78BB-47FE-429A-9B5B-0B0CB92C426A}.Release|Any CPU.ActiveCfg = Release|Any CPU
		{734C78BB-47FE-429A-9B5B-0B0CB92C426A}.Release|Any CPU.Build.0 = Release|Any CPU
		{6E17ADAF-02BB-4E56-A7B8-7DD2E4A20034}.Debug|Any CPU.ActiveCfg = Debug|Any CPU
		{6E17ADAF-02BB-4E56-A7B8-7DD2E4A20034}.Debug|Any CPU.Build.0 = Debug|Any CPU
		{6E17ADAF-02BB-4E56-A7B8-7DD2E4A20034}.Release|Any CPU.ActiveCfg = Release|Any CPU
		{6E17ADAF-02BB-4E56-A7B8-7DD2E4A20034}.Release|Any CPU.Build.0 = Release|Any CPU
	EndGlobalSection
	GlobalSection(SolutionProperties) = preSolution
		HideSolutionNode = FALSE
	EndGlobalSection
	GlobalSection(ExtensibilityGlobals) = postSolution
		SolutionGuid = {CC897037-69EF-4304-B13B-4AB8C5C0C454}
	EndGlobalSection
EndGlobal
